// !$*UTF8*$!
{
	archiveVersion = 1;
	classes = {
	};
	objectVersion = 46;
	objects = {

/* Begin PBXBuildFile section */
		935A57631CB9EDFC00A7B1D2 /* wrong.wav in Resources */ = {isa = PBXBuildFile; fileRef = 935A57621CB9EDFC00A7B1D2 /* wrong.wav */; };
		935A57651CB9EE0200A7B1D2 /* correct.wav in Resources */ = {isa = PBXBuildFile; fileRef = 935A57641CB9EE0200A7B1D2 /* correct.wav */; };
		93FFAA081CB90E02009F8999 /* AppDelegate.swift in Sources */ = {isa = PBXBuildFile; fileRef = 93FFAA071CB90E02009F8999 /* AppDelegate.swift */; };
		93FFAA0A1CB90E02009F8999 /* ViewController.swift in Sources */ = {isa = PBXBuildFile; fileRef = 93FFAA091CB90E02009F8999 /* ViewController.swift */; };
		93FFAA0D1CB90E02009F8999 /* Main.storyboard in Resources */ = {isa = PBXBuildFile; fileRef = 93FFAA0B1CB90E02009F8999 /* Main.storyboard */; };
		93FFAA0F1CB90E02009F8999 /* Assets.xcassets in Resources */ = {isa = PBXBuildFile; fileRef = 93FFAA0E1CB90E02009F8999 /* Assets.xcassets */; };
		93FFAA121CB90E02009F8999 /* LaunchScreen.storyboard in Resources */ = {isa = PBXBuildFile; fileRef = 93FFAA101CB90E02009F8999 /* LaunchScreen.storyboard */; };
		93FFAA1D1CB90E02009F8999 /* EnhancingaQuizAppTests.swift in Sources */ = {isa = PBXBuildFile; fileRef = 93FFAA1C1CB90E02009F8999 /* EnhancingaQuizAppTests.swift */; };
		93FFAA281CB90E03009F8999 /* EnhancingaQuizAppUITests.swift in Sources */ = {isa = PBXBuildFile; fileRef = 93FFAA271CB90E03009F8999 /* EnhancingaQuizAppUITests.swift */; };
		93FFAA361CB9304B009F8999 /* Questions.swift in Sources */ = {isa = PBXBuildFile; fileRef = 93FFAA351CB9304B009F8999 /* Questions.swift */; };
		93FFAA3B1CB9E9F5009F8999 /* GameSound.wav in Resources */ = {isa = PBXBuildFile; fileRef = 93FFAA3A1CB9E9F5009F8999 /* GameSound.wav */; };
/* End PBXBuildFile section */

/* Begin PBXContainerItemProxy section */
		93FFAA191CB90E02009F8999 /* PBXContainerItemProxy */ = {
			isa = PBXContainerItemProxy;
			containerPortal = 93FFA9FC1CB90E02009F8999 /* Project object */;
			proxyType = 1;
			remoteGlobalIDString = 93FFAA031CB90E02009F8999;
			remoteInfo = EnhancingaQuizApp;
		};
		93FFAA241CB90E03009F8999 /* PBXContainerItemProxy */ = {
			isa = PBXContainerItemProxy;
			containerPortal = 93FFA9FC1CB90E02009F8999 /* Project object */;
			proxyType = 1;
			remoteGlobalIDString = 93FFAA031CB90E02009F8999;
			remoteInfo = EnhancingaQuizApp;
		};
/* End PBXContainerItemProxy section */

/* Begin PBXFileReference section */
		935A57621CB9EDFC00A7B1D2 /* wrong.wav */ = {isa = PBXFileReference; lastKnownFileType = audio.wav; path = wrong.wav; sourceTree = "<group>"; };
		935A57641CB9EE0200A7B1D2 /* correct.wav */ = {isa = PBXFileReference; lastKnownFileType = audio.wav; path = correct.wav; sourceTree = "<group>"; };
		93FFAA041CB90E02009F8999 /* EnhancingaQuizApp.app */ = {isa = PBXFileReference; explicitFileType = wrapper.application; includeInIndex = 0; path = EnhancingaQuizApp.app; sourceTree = BUILT_PRODUCTS_DIR; };
		93FFAA071CB90E02009F8999 /* AppDelegate.swift */ = {isa = PBXFileReference; lastKnownFileType = sourcecode.swift; path = AppDelegate.swift; sourceTree = "<group>"; };
		93FFAA091CB90E02009F8999 /* ViewController.swift */ = {isa = PBXFileReference; lastKnownFileType = sourcecode.swift; path = ViewController.swift; sourceTree = "<group>"; };
		93FFAA0C1CB90E02009F8999 /* Base */ = {isa = PBXFileReference; lastKnownFileType = file.storyboard; name = Base; path = Base.lproj/Main.storyboard; sourceTree = "<group>"; };
		93FFAA0E1CB90E02009F8999 /* Assets.xcassets */ = {isa = PBXFileReference; lastKnownFileType = folder.assetcatalog; path = Assets.xcassets; sourceTree = "<group>"; };
		93FFAA111CB90E02009F8999 /* Base */ = {isa = PBXFileReference; lastKnownFileType = file.storyboard; name = Base; path = Base.lproj/LaunchScreen.storyboard; sourceTree = "<group>"; };
		93FFAA131CB90E02009F8999 /* Info.plist */ = {isa = PBXFileReference; lastKnownFileType = text.plist.xml; path = Info.plist; sourceTree = "<group>"; };
		93FFAA181CB90E02009F8999 /* EnhancingaQuizAppTests.xctest */ = {isa = PBXFileReference; explicitFileType = wrapper.cfbundle; includeInIndex = 0; path = EnhancingaQuizAppTests.xctest; sourceTree = BUILT_PRODUCTS_DIR; };
		93FFAA1C1CB90E02009F8999 /* EnhancingaQuizAppTests.swift */ = {isa = PBXFileReference; lastKnownFileType = sourcecode.swift; path = EnhancingaQuizAppTests.swift; sourceTree = "<group>"; };
		93FFAA1E1CB90E02009F8999 /* Info.plist */ = {isa = PBXFileReference; lastKnownFileType = text.plist.xml; path = Info.plist; sourceTree = "<group>"; };
		93FFAA231CB90E03009F8999 /* EnhancingaQuizAppUITests.xctest */ = {isa = PBXFileReference; explicitFileType = wrapper.cfbundle; includeInIndex = 0; path = EnhancingaQuizAppUITests.xctest; sourceTree = BUILT_PRODUCTS_DIR; };
		93FFAA271CB90E03009F8999 /* EnhancingaQuizAppUITests.swift */ = {isa = PBXFileReference; lastKnownFileType = sourcecode.swift; path = EnhancingaQuizAppUITests.swift; sourceTree = "<group>"; };
		93FFAA291CB90E03009F8999 /* Info.plist */ = {isa = PBXFileReference; lastKnownFileType = text.plist.xml; path = Info.plist; sourceTree = "<group>"; };
		93FFAA351CB9304B009F8999 /* Questions.swift */ = {isa = PBXFileReference; fileEncoding = 4; lastKnownFileType = sourcecode.swift; path = Questions.swift; sourceTree = "<group>"; };
		93FFAA3A1CB9E9F5009F8999 /* GameSound.wav */ = {isa = PBXFileReference; lastKnownFileType = audio.wav; path = GameSound.wav; sourceTree = "<group>"; };
/* End PBXFileReference section */

/* Begin PBXFrameworksBuildPhase section */
		93FFAA011CB90E02009F8999 /* Frameworks */ = {
			isa = PBXFrameworksBuildPhase;
			buildActionMask = 2147483647;
			files = (
			);
			runOnlyForDeploymentPostprocessing = 0;
		};
		93FFAA151CB90E02009F8999 /* Frameworks */ = {
			isa = PBXFrameworksBuildPhase;
			buildActionMask = 2147483647;
			files = (
			);
			runOnlyForDeploymentPostprocessing = 0;
		};
		93FFAA201CB90E03009F8999 /* Frameworks */ = {
			isa = PBXFrameworksBuildPhase;
			buildActionMask = 2147483647;
			files = (
			);
			runOnlyForDeploymentPostprocessing = 0;
		};
/* End PBXFrameworksBuildPhase section */

/* Begin PBXGroup section */
		93FFA9FB1CB90E02009F8999 = {
			isa = PBXGroup;
			children = (
				93FFAA061CB90E02009F8999 /* EnhancingaQuizApp */,
				93FFAA1B1CB90E02009F8999 /* EnhancingaQuizAppTests */,
				93FFAA261CB90E03009F8999 /* EnhancingaQuizAppUITests */,
				93FFAA051CB90E02009F8999 /* Products */,
			);
			sourceTree = "<group>";
		};
		93FFAA051CB90E02009F8999 /* Products */ = {
			isa = PBXGroup;
			children = (
				93FFAA041CB90E02009F8999 /* EnhancingaQuizApp.app */,
				93FFAA181CB90E02009F8999 /* EnhancingaQuizAppTests.xctest */,
				93FFAA231CB90E03009F8999 /* EnhancingaQuizAppUITests.xctest */,
			);
			name = Products;
			sourceTree = "<group>";
		};
		93FFAA061CB90E02009F8999 /* EnhancingaQuizApp */ = {
			isa = PBXGroup;
			children = (
				93FFAA371CB9E8E1009F8999 /* Sounds */,
				93FFAA071CB90E02009F8999 /* AppDelegate.swift */,
				93FFAA091CB90E02009F8999 /* ViewController.swift */,
				93FFAA351CB9304B009F8999 /* Questions.swift */,
				93FFAA0B1CB90E02009F8999 /* Main.storyboard */,
				93FFAA0E1CB90E02009F8999 /* Assets.xcassets */,
				93FFAA101CB90E02009F8999 /* LaunchScreen.storyboard */,
				93FFAA131CB90E02009F8999 /* Info.plist */,
			);
			path = EnhancingaQuizApp;
			sourceTree = "<group>";
		};
		93FFAA1B1CB90E02009F8999 /* EnhancingaQuizAppTests */ = {
			isa = PBXGroup;
			children = (
				93FFAA1C1CB90E02009F8999 /* EnhancingaQuizAppTests.swift */,
				93FFAA1E1CB90E02009F8999 /* Info.plist */,
			);
			path = EnhancingaQuizAppTests;
			sourceTree = "<group>";
		};
		93FFAA261CB90E03009F8999 /* EnhancingaQuizAppUITests */ = {
			isa = PBXGroup;
			children = (
				93FFAA271CB90E03009F8999 /* EnhancingaQuizAppUITests.swift */,
				93FFAA291CB90E03009F8999 /* Info.plist */,
			);
			path = EnhancingaQuizAppUITests;
			sourceTree = "<group>";
		};
		93FFAA371CB9E8E1009F8999 /* Sounds */ = {
			isa = PBXGroup;
			children = (
				935A57641CB9EE0200A7B1D2 /* correct.wav */,
				935A57621CB9EDFC00A7B1D2 /* wrong.wav */,
				93FFAA3A1CB9E9F5009F8999 /* GameSound.wav */,
			);
			name = Sounds;
			sourceTree = "<group>";
		};
/* End PBXGroup section */

/* Begin PBXNativeTarget section */
		93FFAA031CB90E02009F8999 /* EnhancingaQuizApp */ = {
			isa = PBXNativeTarget;
			buildConfigurationList = 93FFAA2C1CB90E03009F8999 /* Build configuration list for PBXNativeTarget "EnhancingaQuizApp" */;
			buildPhases = (
				93FFAA001CB90E02009F8999 /* Sources */,
				93FFAA011CB90E02009F8999 /* Frameworks */,
				93FFAA021CB90E02009F8999 /* Resources */,
			);
			buildRules = (
			);
			dependencies = (
			);
			name = EnhancingaQuizApp;
			productName = EnhancingaQuizApp;
			productReference = 93FFAA041CB90E02009F8999 /* EnhancingaQuizApp.app */;
			productType = "com.apple.product-type.application";
		};
		93FFAA171CB90E02009F8999 /* EnhancingaQuizAppTests */ = {
			isa = PBXNativeTarget;
			buildConfigurationList = 93FFAA2F1CB90E03009F8999 /* Build configuration list for PBXNativeTarget "EnhancingaQuizAppTests" */;
			buildPhases = (
				93FFAA141CB90E02009F8999 /* Sources */,
				93FFAA151CB90E02009F8999 /* Frameworks */,
				93FFAA161CB90E02009F8999 /* Resources */,
			);
			buildRules = (
			);
			dependencies = (
				93FFAA1A1CB90E02009F8999 /* PBXTargetDependency */,
			);
			name = EnhancingaQuizAppTests;
			productName = EnhancingaQuizAppTests;
			productReference = 93FFAA181CB90E02009F8999 /* EnhancingaQuizAppTests.xctest */;
			productType = "com.apple.product-type.bundle.unit-test";
		};
		93FFAA221CB90E03009F8999 /* EnhancingaQuizAppUITests */ = {
			isa = PBXNativeTarget;
			buildConfigurationList = 93FFAA321CB90E03009F8999 /* Build configuration list for PBXNativeTarget "EnhancingaQuizAppUITests" */;
			buildPhases = (
				93FFAA1F1CB90E03009F8999 /* Sources */,
				93FFAA201CB90E03009F8999 /* Frameworks */,
				93FFAA211CB90E03009F8999 /* Resources */,
			);
			buildRules = (
			);
			dependencies = (
				93FFAA251CB90E03009F8999 /* PBXTargetDependency */,
			);
			name = EnhancingaQuizAppUITests;
			productName = EnhancingaQuizAppUITests;
			productReference = 93FFAA231CB90E03009F8999 /* EnhancingaQuizAppUITests.xctest */;
			productType = "com.apple.product-type.bundle.ui-testing";
		};
/* End PBXNativeTarget section */

/* Begin PBXProject section */
		93FFA9FC1CB90E02009F8999 /* Project object */ = {
			isa = PBXProject;
			attributes = {
				LastSwiftUpdateCheck = 0730;
				LastUpgradeCheck = 0730;
				ORGANIZATIONNAME = "Aaron Ackerman";
				TargetAttributes = {
					93FFAA031CB90E02009F8999 = {
						CreatedOnToolsVersion = 7.3;
					};
					93FFAA171CB90E02009F8999 = {
						CreatedOnToolsVersion = 7.3;
						TestTargetID = 93FFAA031CB90E02009F8999;
					};
					93FFAA221CB90E03009F8999 = {
						CreatedOnToolsVersion = 7.3;
						TestTargetID = 93FFAA031CB90E02009F8999;
					};
				};
			};
			buildConfigurationList = 93FFA9FF1CB90E02009F8999 /* Build configuration list for PBXProject "EnhancingaQuizApp" */;
			compatibilityVersion = "Xcode 3.2";
			developmentRegion = English;
			hasScannedForEncodings = 0;
			knownRegions = (
				en,
				Base,
			);
			mainGroup = 93FFA9FB1CB90E02009F8999;
			productRefGroup = 93FFAA051CB90E02009F8999 /* Products */;
			projectDirPath = "";
			projectRoot = "";
			targets = (
				93FFAA031CB90E02009F8999 /* EnhancingaQuizApp */,
				93FFAA171CB90E02009F8999 /* EnhancingaQuizAppTests */,
				93FFAA221CB90E03009F8999 /* EnhancingaQuizAppUITests */,
			);
		};
/* End PBXProject section */

/* Begin PBXResourcesBuildPhase section */
		93FFAA021CB90E02009F8999 /* Resources */ = {
			isa = PBXResourcesBuildPhase;
			buildActionMask = 2147483647;
			files = (
				93FFAA3B1CB9E9F5009F8999 /* GameSound.wav in Resources */,
				935A57631CB9EDFC00A7B1D2 /* wrong.wav in Resources */,
				93FFAA121CB90E02009F8999 /* LaunchScreen.storyboard in Resources */,
				93FFAA0F1CB90E02009F8999 /* Assets.xcassets in Resources */,
				93FFAA0D1CB90E02009F8999 /* Main.storyboard in Resources */,
				935A57651CB9EE0200A7B1D2 /* correct.wav in Resources */,
			);
			runOnlyForDeploymentPostprocessing = 0;
		};
		93FFAA161CB90E02009F8999 /* Resources */ = {
			isa = PBXResourcesBuildPhase;
			buildActionMask = 2147483647;
			files = (
			);
			runOnlyForDeploymentPostprocessing = 0;
		};
		93FFAA211CB90E03009F8999 /* Resources */ = {
			isa = PBXResourcesBuildPhase;
			buildActionMask = 2147483647;
			files = (
			);
			runOnlyForDeploymentPostprocessing = 0;
		};
/* End PBXResourcesBuildPhase section */

/* Begin PBXSourcesBuildPhase section */
		93FFAA001CB90E02009F8999 /* Sources */ = {
			isa = PBXSourcesBuildPhase;
			buildActionMask = 2147483647;
			files = (
				93FFAA361CB9304B009F8999 /* Questions.swift in Sources */,
				93FFAA0A1CB90E02009F8999 /* ViewController.swift in Sources */,
				93FFAA081CB90E02009F8999 /* AppDelegate.swift in Sources */,
			);
			runOnlyForDeploymentPostprocessing = 0;
		};
		93FFAA141CB90E02009F8999 /* Sources */ = {
			isa = PBXSourcesBuildPhase;
			buildActionMask = 2147483647;
			files = (
				93FFAA1D1CB90E02009F8999 /* EnhancingaQuizAppTests.swift in Sources */,
			);
			runOnlyForDeploymentPostprocessing = 0;
		};
		93FFAA1F1CB90E03009F8999 /* Sources */ = {
			isa = PBXSourcesBuildPhase;
			buildActionMask = 2147483647;
			files = (
				93FFAA281CB90E03009F8999 /* EnhancingaQuizAppUITests.swift in Sources */,
			);
			runOnlyForDeploymentPostprocessing = 0;
		};
/* End PBXSourcesBuildPhase section */

/* Begin PBXTargetDependency section */
		93FFAA1A1CB90E02009F8999 /* PBXTargetDependency */ = {
			isa = PBXTargetDependency;
			target = 93FFAA031CB90E02009F8999 /* EnhancingaQuizApp */;
			targetProxy = 93FFAA191CB90E02009F8999 /* PBXContainerItemProxy */;
		};
		93FFAA251CB90E03009F8999 /* PBXTargetDependency */ = {
			isa = PBXTargetDependency;
			target = 93FFAA031CB90E02009F8999 /* EnhancingaQuizApp */;
			targetProxy = 93FFAA241CB90E03009F8999 /* PBXContainerItemProxy */;
		};
/* End PBXTargetDependency section */

/* Begin PBXVariantGroup section */
		93FFAA0B1CB90E02009F8999 /* Main.storyboard */ = {
			isa = PBXVariantGroup;
			children = (
				93FFAA0C1CB90E02009F8999 /* Base */,
			);
			name = Main.storyboard;
			sourceTree = "<group>";
		};
		93FFAA101CB90E02009F8999 /* LaunchScreen.storyboard */ = {
			isa = PBXVariantGroup;
			children = (
				93FFAA111CB90E02009F8999 /* Base */,
			);
			name = LaunchScreen.storyboard;
			sourceTree = "<group>";
		};
/* End PBXVariantGroup section */

/* Begin XCBuildConfiguration section */
		93FFAA2A1CB90E03009F8999 /* Debug */ = {
			isa = XCBuildConfiguration;
			buildSettings = {
				ALWAYS_SEARCH_USER_PATHS = NO;
				CLANG_ANALYZER_NONNULL = YES;
				CLANG_CXX_LANGUAGE_STANDARD = "gnu++0x";
				CLANG_CXX_LIBRARY = "libc++";
				CLANG_ENABLE_MODULES = YES;
				CLANG_ENABLE_OBJC_ARC = YES;
				CLANG_WARN_BOOL_CONVERSION = YES;
				CLANG_WARN_CONSTANT_CONVERSION = YES;
				CLANG_WARN_DIRECT_OBJC_ISA_USAGE = YES_ERROR;
				CLANG_WARN_EMPTY_BODY = YES;
				CLANG_WARN_ENUM_CONVERSION = YES;
				CLANG_WARN_INT_CONVERSION = YES;
				CLANG_WARN_OBJC_ROOT_CLASS = YES_ERROR;
				CLANG_WARN_UNREACHABLE_CODE = YES;
				CLANG_WARN__DUPLICATE_METHOD_MATCH = YES;
				"CODE_SIGN_IDENTITY[sdk=iphoneos*]" = "iPhone Developer";
				COPY_PHASE_STRIP = NO;
				DEBUG_INFORMATION_FORMAT = dwarf;
				ENABLE_STRICT_OBJC_MSGSEND = YES;
				ENABLE_TESTABILITY = YES;
				GCC_C_LANGUAGE_STANDARD = gnu99;
				GCC_DYNAMIC_NO_PIC = NO;
				GCC_NO_COMMON_BLOCKS = YES;
				GCC_OPTIMIZATION_LEVEL = 0;
				GCC_PREPROCESSOR_DEFINITIONS = (
					"DEBUG=1",
					"$(inherited)",
				);
				GCC_WARN_64_TO_32_BIT_CONVERSION = YES;
				GCC_WARN_ABOUT_RETURN_TYPE = YES_ERROR;
				GCC_WARN_UNDECLARED_SELECTOR = YES;
				GCC_WARN_UNINITIALIZED_AUTOS = YES_AGGRESSIVE;
				GCC_WARN_UNUSED_FUNCTION = YES;
				GCC_WARN_UNUSED_VARIABLE = YES;
				IPHONEOS_DEPLOYMENT_TARGET = 9.3;
				MTL_ENABLE_DEBUG_INFO = YES;
				ONLY_ACTIVE_ARCH = YES;
				SDKROOT = iphoneos;
				SWIFT_OPTIMIZATION_LEVEL = "-Onone";
			};
			name = Debug;
		};
		93FFAA2B1CB90E03009F8999 /* Release */ = {
			isa = XCBuildConfiguration;
			buildSettings = {
				ALWAYS_SEARCH_USER_PATHS = NO;
				CLANG_ANALYZER_NONNULL = YES;
				CLANG_CXX_LANGUAGE_STANDARD = "gnu++0x";
				CLANG_CXX_LIBRARY = "libc++";
				CLANG_ENABLE_MODULES = YES;
				CLANG_ENABLE_OBJC_ARC = YES;
				CLANG_WARN_BOOL_CONVERSION = YES;
				CLANG_WARN_CONSTANT_CONVERSION = YES;
				CLANG_WARN_DIRECT_OBJC_ISA_USAGE = YES_ERROR;
				CLANG_WARN_EMPTY_BODY = YES;
				CLANG_WARN_ENUM_CONVERSION = YES;
				CLANG_WARN_INT_CONVERSION = YES;
				CLANG_WARN_OBJC_ROOT_CLASS = YES_ERROR;
				CLANG_WARN_UNREACHABLE_CODE = YES;
				CLANG_WARN__DUPLICATE_METHOD_MATCH = YES;
				"CODE_SIGN_IDENTITY[sdk=iphoneos*]" = "iPhone Developer";
				COPY_PHASE_STRIP = NO;
				DEBUG_INFORMATION_FORMAT = "dwarf-with-dsym";
				ENABLE_NS_ASSERTIONS = NO;
				ENABLE_STRICT_OBJC_MSGSEND = YES;
				GCC_C_LANGUAGE_STANDARD = gnu99;
				GCC_NO_COMMON_BLOCKS = YES;
				GCC_WARN_64_TO_32_BIT_CONVERSION = YES;
				GCC_WARN_ABOUT_RETURN_TYPE = YES_ERROR;
				GCC_WARN_UNDECLARED_SELECTOR = YES;
				GCC_WARN_UNINITIALIZED_AUTOS = YES_AGGRESSIVE;
				GCC_WARN_UNUSED_FUNCTION = YES;
				GCC_WARN_UNUSED_VARIABLE = YES;
				IPHONEOS_DEPLOYMENT_TARGET = 9.3;
				MTL_ENABLE_DEBUG_INFO = NO;
				SDKROOT = iphoneos;
				VALIDATE_PRODUCT = YES;
			};
			name = Release;
		};
		93FFAA2D1CB90E03009F8999 /* Debug */ = {
			isa = XCBuildConfiguration;
			buildSettings = {
				ASSETCATALOG_COMPILER_APPICON_NAME = AppIcon;
				INFOPLIST_FILE = EnhancingaQuizApp/Info.plist;
				LD_RUNPATH_SEARCH_PATHS = "$(inherited) @executable_path/Frameworks";
				PRODUCT_BUNDLE_IDENTIFIER = Mav3r1ck.EnhancingaQuizApp;
				PRODUCT_NAME = "$(TARGET_NAME)";
			};
			name = Debug;
		};
		93FFAA2E1CB90E03009F8999 /* Release */ = {
			isa = XCBuildConfiguration;
			buildSettings = {
				ASSETCATALOG_COMPILER_APPICON_NAME = AppIcon;
				INFOPLIST_FILE = EnhancingaQuizApp/Info.plist;
				LD_RUNPATH_SEARCH_PATHS = "$(inherited) @executable_path/Frameworks";
				PRODUCT_BUNDLE_IDENTIFIER = Mav3r1ck.EnhancingaQuizApp;
				PRODUCT_NAME = "$(TARGET_NAME)";
			};
			name = Release;
		};
		93FFAA301CB90E03009F8999 /* Debug */ = {
			isa = XCBuildConfiguration;
			buildSettings = {
				BUNDLE_LOADER = "$(TEST_HOST)";
				INFOPLIST_FILE = EnhancingaQuizAppTests/Info.plist;
				LD_RUNPATH_SEARCH_PATHS = "$(inherited) @executable_path/Frameworks @loader_path/Frameworks";
				PRODUCT_BUNDLE_IDENTIFIER = Mav3r1ck.EnhancingaQuizAppTests;
				PRODUCT_NAME = "$(TARGET_NAME)";
				TEST_HOST = "$(BUILT_PRODUCTS_DIR)/EnhancingaQuizApp.app/EnhancingaQuizApp";
			};
			name = Debug;
		};
		93FFAA311CB90E03009F8999 /* Release */ = {
			isa = XCBuildConfiguration;
			buildSettings = {
				BUNDLE_LOADER = "$(TEST_HOST)";
				INFOPLIST_FILE = EnhancingaQuizAppTests/Info.plist;
				LD_RUNPATH_SEARCH_PATHS = "$(inherited) @executable_path/Frameworks @loader_path/Frameworks";
				PRODUCT_BUNDLE_IDENTIFIER = Mav3r1ck.EnhancingaQuizAppTests;
				PRODUCT_NAME = "$(TARGET_NAME)";
				TEST_HOST = "$(BUILT_PRODUCTS_DIR)/EnhancingaQuizApp.app/EnhancingaQuizApp";
			};
			name = Release;
		};
		93FFAA331CB90E03009F8999 /* Debug */ = {
			isa = XCBuildConfiguration;
			buildSettings = {
				INFOPLIST_FILE = EnhancingaQuizAppUITests/Info.plist;
				LD_RUNPATH_SEARCH_PATHS = "$(inherited) @executable_path/Frameworks @loader_path/Frameworks";
				PRODUCT_BUNDLE_IDENTIFIER = Mav3r1ck.EnhancingaQuizAppUITests;
				PRODUCT_NAME = "$(TARGET_NAME)";
				TEST_TARGET_NAME = EnhancingaQuizApp;
			};
			name = Debug;
		};
		93FFAA341CB90E03009F8999 /* Release */ = {
			isa = XCBuildConfiguration;
			buildSettings = {
				INFOPLIST_FILE = EnhancingaQuizAppUITests/Info.plist;
				LD_RUNPATH_SEARCH_PATHS = "$(inherited) @executable_path/Frameworks @loader_path/Frameworks";
				PRODUCT_BUNDLE_IDENTIFIER = Mav3r1ck.EnhancingaQuizAppUITests;
				PRODUCT_NAME = "$(TARGET_NAME)";
				TEST_TARGET_NAME = EnhancingaQuizApp;
			};
			name = Release;
		};
/* End XCBuildConfiguration section */

/* Begin XCConfigurationList section */
		93FFA9FF1CB90E02009F8999 /* Build configuration list for PBXProject "EnhancingaQuizApp" */ = {
			isa = XCConfigurationList;
			buildConfigurations = (
				93FFAA2A1CB90E03009F8999 /* Debug */,
				93FFAA2B1CB90E03009F8999 /* Release */,
			);
			defaultConfigurationIsVisible = 0;
			defaultConfigurationName = Release;
		};
		93FFAA2C1CB90E03009F8999 /* Build configuration list for PBXNativeTarget "EnhancingaQuizApp" */ = {
			isa = XCConfigurationList;
			buildConfigurations = (
				93FFAA2D1CB90E03009F8999 /* Debug */,
				93FFAA2E1CB90E03009F8999 /* Release */,
			);
			defaultConfigurationIsVisible = 0;
			defaultConfigurationName = Release;
		};
		93FFAA2F1CB90E03009F8999 /* Build configuration list for PBXNativeTarget "EnhancingaQuizAppTests" */ = {
			isa = XCConfigurationList;
			buildConfigurations = (
				93FFAA301CB90E03009F8999 /* Debug */,
				93FFAA311CB90E03009F8999 /* Release */,
			);
			defaultConfigurationIsVisible = 0;
			defaultConfigurationName = Release;
		};
		93FFAA321CB90E03009F8999 /* Build configuration list for PBXNativeTarget "EnhancingaQuizAppUITests" */ = {
			isa = XCConfigurationList;
			buildConfigurations = (
				93FFAA331CB90E03009F8999 /* Debug */,
				93FFAA341CB90E03009F8999 /* Release */,
			);
			defaultConfigurationIsVisible = 0;
			defaultConfigurationName = Release;
		};
/* End XCConfigurationList section */
	};
	rootObject = 93FFA9FC1CB90E02009F8999 /* Project object */;
}
